
Microsoft Visual Studio Solution File, Format Version 12.00
# Visual Studio Version 17
VisualStudioVersion = 17.7.34031.279
MinimumVisualStudioVersion = 10.0.40219.1
Project("{FAE04EC0-301F-11D3-BF4B-00C04F79EFBC}") = "ECET230Lab6Animation", "ECET230Lab6Animation\ECET230Lab6Animation.csproj", "{DAF507B7-D63A-41C4-877F-23626614580C}"
EndProject
Global
	GlobalSection(SolutionConfigurationPlatforms) = preSolution
		Debug|Any CPU = Debug|Any CPU
		Release|Any CPU = Release|Any CPU
	EndGlobalSection
	GlobalSection(ProjectConfigurationPlatforms) = postSolution
		{DAF507B7-D63A-41C4-877F-23626614580C}.Debug|Any CPU.ActiveCfg = Debug|Any CPU
		{DAF507B7-D63A-41C4-877F-23626614580C}.Debug|Any CPU.Build.0 = Debug|Any CPU
		{DAF507B7-D63A-41C4-877F-23626614580C}.Debug|Any CPU.Deploy.0 = Debug|Any CPU
		{DAF507B7-D63A-41C4-877F-23626614580C}.Release|Any CPU.ActiveCfg = Release|Any CPU
		{DAF507B7-D63A-41C4-877F-23626614580C}.Release|Any CPU.Build.0 = Release|Any CPU
		{DAF507B7-D63A-41C4-877F-23626614580C}.Release|Any CPU.Deploy.0 = Release|Any CPU
	EndGlobalSection
	GlobalSection(SolutionProperties) = preSolution
		HideSolutionNode = FALSE
	EndGlobalSection
	GlobalSection(ExtensibilityGlobals) = postSolution
		SolutionGuid = {4AC61120-DD36-47FB-BA24-BC34FDA77EE0}
	EndGlobalSection
EndGlobal
